
Microsoft Visual Studio Solution File, Format Version 12.00
# Visual Studio Version 16
VisualStudioVersion = 16.0.29806.167
MinimumVisualStudioVersion = 10.0.40219.1
Project("{FAE04EC0-301F-11D3-BF4B-00C04F79EFBC}") = "Dice Roller", "Dice Roller.csproj", "{6FD65E24-2DB9-440C-9910-F74DC1F9CD6F}"
EndProject
Global
	GlobalSection(SolutionConfigurationPlatforms) = preSolution
		Debug|Any CPU = Debug|Any CPU
		Release|Any CPU = Release|Any CPU
	EndGlobalSection
	GlobalSection(ProjectConfigurationPlatforms) = postSolution
		{6FD65E24-2DB9-440C-9910-F74DC1F9CD6F}.Debug|Any CPU.ActiveCfg = Debug|Any CPU
		{6FD65E24-2DB9-440C-9910-F74DC1F9CD6F}.Debug|Any CPU.Build.0 = Debug|Any CPU
		{6FD65E24-2DB9-440C-9910-F74DC1F9CD6F}.Release|Any CPU.ActiveCfg = Release|Any CPU
		{6FD65E24-2DB9-440C-9910-F74DC1F9CD6F}.Release|Any CPU.Build.0 = Release|Any CPU
	EndGlobalSection
	GlobalSection(SolutionProperties) = preSolution
		HideSolutionNode = FALSE
	EndGlobalSection
	GlobalSection(ExtensibilityGlobals) = postSolution
		SolutionGuid = {2DAEF2FC-1C53-49D1-B7AB-E13837235460}
	EndGlobalSection
EndGlobal
